
Microsoft Visual Studio Solution File, Format Version 12.00
# Visual Studio Version 16
VisualStudioVersion = 16.0.28917.181
MinimumVisualStudioVersion = 10.0.40219.1
Project("{2150E333-8FDC-42A3-9474-1A3956D46DE8}") = "src", "src", "{91D326AE-9CD5-42C6-AE51-3CBB1CEF08A8}"
EndProject
Project("{9A19103F-16F7-4668-BE54-9A1E7A4F7556}") = "Bayhaksam", "src\src\Bayhaksam.csproj", "{EC6C5947-12DF-4DC2-9938-2B0C2C259DC4}"
EndProject
Project("{2150E333-8FDC-42A3-9474-1A3956D46DE8}") = "Extensions", "Extensions", "{E6F49BEF-8281-4322-810C-FB571275840F}"
EndProject
Project("{2150E333-8FDC-42A3-9474-1A3956D46DE8}") = "src", "src", "{251895DC-A57E-43F3-8B4B-377811744AC6}"
EndProject
Project("{9A19103F-16F7-4668-BE54-9A1E7A4F7556}") = "Bayhaksam.Extensions", "src\Extensions\src\Bayhaksam.Extensions.csproj", "{325DC6F0-28DB-4015-81CF-ADAB55D5F64A}"
EndProject
Project("{2150E333-8FDC-42A3-9474-1A3956D46DE8}") = "Collections", "Collections", "{0FCB589B-B3F0-4C7B-B1EF-A88ECAF597A7}"
EndProject
Project("{2150E333-8FDC-42A3-9474-1A3956D46DE8}") = "Generic", "Generic", "{ABEF01F4-3C23-45D1-8A52-B707D9F6E89D}"
EndProject
Project("{2150E333-8FDC-42A3-9474-1A3956D46DE8}") = "Extensions", "Extensions", "{7FBD1640-9718-41D9-B443-4E3DBECF44EB}"
EndProject
Project("{2150E333-8FDC-42A3-9474-1A3956D46DE8}") = "src", "src", "{691DCB5E-4A69-4797-B77A-E001DAFBE270}"
EndProject
Project("{9A19103F-16F7-4668-BE54-9A1E7A4F7556}") = "Bayhaksam.Collections.Generic.Extensions", "src\Collections\Generic\Extensions\src\Bayhaksam.Collections.Generic.Extensions.csproj", "{2093A5C7-F4A9-48FF-ABB1-E4FFA0637AF1}"
EndProject
Project("{2150E333-8FDC-42A3-9474-1A3956D46DE8}") = "Data", "Data", "{22BF1CAF-9DAA-4E89-AA96-0BA9A888A18C}"
EndProject
Project("{2150E333-8FDC-42A3-9474-1A3956D46DE8}") = "src", "src", "{82A7BFA8-8EE5-462F-ACAC-57B57BE53690}"
EndProject
Project("{9A19103F-16F7-4668-BE54-9A1E7A4F7556}") = "Bayhaksam.Data", "src\Data\src\Bayhaksam.Data.csproj", "{6E489D8F-ED1A-41C8-97B1-57641C42A8FE}"
EndProject
Project("{2150E333-8FDC-42A3-9474-1A3956D46DE8}") = "src", "src", "{0CD03267-6DFF-4E53-832F-F22EAAE89541}"
EndProject
Project("{9A19103F-16F7-4668-BE54-9A1E7A4F7556}") = "Bayhaksam.Collections", "src\Collections\src\Bayhaksam.Collections.csproj", "{222851CE-9464-48BD-A959-9E0FD37F8E6E}"
EndProject
Global
	GlobalSection(SolutionConfigurationPlatforms) = preSolution
		Debug|Any CPU = Debug|Any CPU
		Release|Any CPU = Release|Any CPU
	EndGlobalSection
	GlobalSection(ProjectConfigurationPlatforms) = postSolution
		{EC6C5947-12DF-4DC2-9938-2B0C2C259DC4}.Debug|Any CPU.ActiveCfg = Debug|Any CPU
		{EC6C5947-12DF-4DC2-9938-2B0C2C259DC4}.Debug|Any CPU.Build.0 = Debug|Any CPU
		{EC6C5947-12DF-4DC2-9938-2B0C2C259DC4}.Release|Any CPU.ActiveCfg = Release|Any CPU
		{EC6C5947-12DF-4DC2-9938-2B0C2C259DC4}.Release|Any CPU.Build.0 = Release|Any CPU
		{325DC6F0-28DB-4015-81CF-ADAB55D5F64A}.Debug|Any CPU.ActiveCfg = Debug|Any CPU
		{325DC6F0-28DB-4015-81CF-ADAB55D5F64A}.Debug|Any CPU.Build.0 = Debug|Any CPU
		{325DC6F0-28DB-4015-81CF-ADAB55D5F64A}.Release|Any CPU.ActiveCfg = Release|Any CPU
		{325DC6F0-28DB-4015-81CF-ADAB55D5F64A}.Release|Any CPU.Build.0 = Release|Any CPU
		{2093A5C7-F4A9-48FF-ABB1-E4FFA0637AF1}.Debug|Any CPU.ActiveCfg = Debug|Any CPU
		{2093A5C7-F4A9-48FF-ABB1-E4FFA0637AF1}.Debug|Any CPU.Build.0 = Debug|Any CPU
		{2093A5C7-F4A9-48FF-ABB1-E4FFA0637AF1}.Release|Any CPU.ActiveCfg = Release|Any CPU
		{2093A5C7-F4A9-48FF-ABB1-E4FFA0637AF1}.Release|Any CPU.Build.0 = Release|Any CPU
		{6E489D8F-ED1A-41C8-97B1-57641C42A8FE}.Debug|Any CPU.ActiveCfg = Debug|Any CPU
		{6E489D8F-ED1A-41C8-97B1-57641C42A8FE}.Debug|Any CPU.Build.0 = Debug|Any CPU
		{6E489D8F-ED1A-41C8-97B1-57641C42A8FE}.Release|Any CPU.ActiveCfg = Release|Any CPU
		{6E489D8F-ED1A-41C8-97B1-57641C42A8FE}.Release|Any CPU.Build.0 = Release|Any CPU
		{222851CE-9464-48BD-A959-9E0FD37F8E6E}.Debug|Any CPU.ActiveCfg = Debug|Any CPU
		{222851CE-9464-48BD-A959-9E0FD37F8E6E}.Debug|Any CPU.Build.0 = Debug|Any CPU
		{222851CE-9464-48BD-A959-9E0FD37F8E6E}.Release|Any CPU.ActiveCfg = Release|Any CPU
		{222851CE-9464-48BD-A959-9E0FD37F8E6E}.Release|Any CPU.Build.0 = Release|Any CPU
	EndGlobalSection
	GlobalSection(SolutionProperties) = preSolution
		HideSolutionNode = FALSE
	EndGlobalSection
	GlobalSection(NestedProjects) = preSolution
		{EC6C5947-12DF-4DC2-9938-2B0C2C259DC4} = {91D326AE-9CD5-42C6-AE51-3CBB1CEF08A8}
		{E6F49BEF-8281-4322-810C-FB571275840F} = {91D326AE-9CD5-42C6-AE51-3CBB1CEF08A8}
		{251895DC-A57E-43F3-8B4B-377811744AC6} = {E6F49BEF-8281-4322-810C-FB571275840F}
		{325DC6F0-28DB-4015-81CF-ADAB55D5F64A} = {251895DC-A57E-43F3-8B4B-377811744AC6}
		{0FCB589B-B3F0-4C7B-B1EF-A88ECAF597A7} = {91D326AE-9CD5-42C6-AE51-3CBB1CEF08A8}
		{ABEF01F4-3C23-45D1-8A52-B707D9F6E89D} = {0FCB589B-B3F0-4C7B-B1EF-A88ECAF597A7}
		{7FBD1640-9718-41D9-B443-4E3DBECF44EB} = {ABEF01F4-3C23-45D1-8A52-B707D9F6E89D}
		{691DCB5E-4A69-4797-B77A-E001DAFBE270} = {7FBD1640-9718-41D9-B443-4E3DBECF44EB}
		{2093A5C7-F4A9-48FF-ABB1-E4FFA0637AF1} = {691DCB5E-4A69-4797-B77A-E001DAFBE270}
		{22BF1CAF-9DAA-4E89-AA96-0BA9A888A18C} = {91D326AE-9CD5-42C6-AE51-3CBB1CEF08A8}
		{82A7BFA8-8EE5-462F-ACAC-57B57BE53690} = {22BF1CAF-9DAA-4E89-AA96-0BA9A888A18C}
		{6E489D8F-ED1A-41C8-97B1-57641C42A8FE} = {82A7BFA8-8EE5-462F-ACAC-57B57BE53690}
		{0CD03267-6DFF-4E53-832F-F22EAAE89541} = {0FCB589B-B3F0-4C7B-B1EF-A88ECAF597A7}
		{222851CE-9464-48BD-A959-9E0FD37F8E6E} = {0CD03267-6DFF-4E53-832F-F22EAAE89541}
	EndGlobalSection
	GlobalSection(ExtensibilityGlobals) = postSolution
		SolutionGuid = {7E23E0C6-3F2B-4DB2-B724-690990F30F53}
	EndGlobalSection
EndGlobal
